
Microsoft Visual Studio Solution File, Format Version 12.00
# Visual Studio 2012
Project("{FAE04EC0-301F-11D3-BF4B-00C04F79EFBC}") = "RandomStringGenerator", "RandomStringGenerator.csproj", "{D389C0C4-D9F2-42BD-9BA4-8A507FF673F2}"
EndProject
Project("{FAE04EC0-301F-11D3-BF4B-00C04F79EFBC}") = "ExApp1", "..\Examples\ExApp1\ExApp1.csproj", "{A11A921B-AB81-4D34-879A-1E8BA42B5450}"
EndProject
Global
	GlobalSection(SolutionConfigurationPlatforms) = preSolution
		Debug|Any CPU = Debug|Any CPU
		Release|Any CPU = Release|Any CPU
	EndGlobalSection
	GlobalSection(ProjectConfigurationPlatforms) = postSolution
		{D389C0C4-D9F2-42BD-9BA4-8A507FF673F2}.Debug|Any CPU.ActiveCfg = Debug|Any CPU
		{D389C0C4-D9F2-42BD-9BA4-8A507FF673F2}.Debug|Any CPU.Build.0 = Debug|Any CPU
		{D389C0C4-D9F2-42BD-9BA4-8A507FF673F2}.Release|Any CPU.ActiveCfg = Release|Any CPU
		{D389C0C4-D9F2-42BD-9BA4-8A507FF673F2}.Release|Any CPU.Build.0 = Release|Any CPU
		{A11A921B-AB81-4D34-879A-1E8BA42B5450}.Debug|Any CPU.ActiveCfg = Debug|Any CPU
		{A11A921B-AB81-4D34-879A-1E8BA42B5450}.Debug|Any CPU.Build.0 = Debug|Any CPU
		{A11A921B-AB81-4D34-879A-1E8BA42B5450}.Release|Any CPU.ActiveCfg = Release|Any CPU
		{A11A921B-AB81-4D34-879A-1E8BA42B5450}.Release|Any CPU.Build.0 = Release|Any CPU
	EndGlobalSection
	GlobalSection(SolutionProperties) = preSolution
		HideSolutionNode = FALSE
	EndGlobalSection
EndGlobal
